PODS:
  - ApiSwift (0.1.0):
    - SwiftSerialize (~> 0.1.1)
  - swift-serialize (1.0.0)
  - SwiftSerialize (0.1.1):
    - swift-serialize (~> 1.0)

DEPENDENCIES:
  - ApiSwift (from `../`)

EXTERNAL SOURCES:
  ApiSwift:
    :path: ../

SPEC CHECKSUMS:
  ApiSwift: 1e26babfd28d24e63fa2d217a3c4245b35e5f754
  swift-serialize: 6cc6ba441da336a218e5d5a85a81a58a877402de
  SwiftSerialize: 1e867465536ceff5bf88991904e3a16aea8bd16e

COCOAPODS: 0.39.0
